
Microsoft Visual Studio Solution File, Format Version 12.00
# Visual Studio Version 17
VisualStudioVersion = 17.7.34003.232
MinimumVisualStudioVersion = 10.0.40219.1
Project("{2150E333-8FDC-42A3-9474-1A3956D46DE8}") = "1 - Api", "1 - Api", "{E4B28B28-09F8-4666-AB0A-1E17384010B5}"
EndProject
Project("{2150E333-8FDC-42A3-9474-1A3956D46DE8}") = "2 - Services", "2 - Services", "{62E690F5-D403-48F0-8545-41C43F7E986F}"
EndProject
Project("{2150E333-8FDC-42A3-9474-1A3956D46DE8}") = "3 - Data", "3 - Data", "{80986250-D520-4A65-B560-E4D342661BF2}"
EndProject
Project("{9A19103F-16F7-4668-BE54-9A1E7A4F7556}") = "KanbanNET.Services", "src\services\KanbanNET.Services\KanbanNET.Services.csproj", "{8AC12AAD-FAF0-483B-B3B3-5B698100F2FF}"
EndProject
Project("{9A19103F-16F7-4668-BE54-9A1E7A4F7556}") = "KanbanNET.Data", "src\data\KanbanNET.Data\KanbanNET.Data.csproj", "{13258C33-7926-4B96-B83C-7D964EA11896}"
EndProject
Project("{9A19103F-16F7-4668-BE54-9A1E7A4F7556}") = "KanbanNet.API", "src\api\KanbanNet.API\KanbanNet.API.csproj", "{76ABA660-CF26-49F6-B369-36F2D8649428}"
EndProject
Global
	GlobalSection(SolutionConfigurationPlatforms) = preSolution
		Debug|Any CPU = Debug|Any CPU
		Release|Any CPU = Release|Any CPU
	EndGlobalSection
	GlobalSection(ProjectConfigurationPlatforms) = postSolution
		{8AC12AAD-FAF0-483B-B3B3-5B698100F2FF}.Debug|Any CPU.ActiveCfg = Debug|Any CPU
		{8AC12AAD-FAF0-483B-B3B3-5B698100F2FF}.Debug|Any CPU.Build.0 = Debug|Any CPU
		{8AC12AAD-FAF0-483B-B3B3-5B698100F2FF}.Release|Any CPU.ActiveCfg = Release|Any CPU
		{8AC12AAD-FAF0-483B-B3B3-5B698100F2FF}.Release|Any CPU.Build.0 = Release|Any CPU
		{13258C33-7926-4B96-B83C-7D964EA11896}.Debug|Any CPU.ActiveCfg = Debug|Any CPU
		{13258C33-7926-4B96-B83C-7D964EA11896}.Debug|Any CPU.Build.0 = Debug|Any CPU
		{13258C33-7926-4B96-B83C-7D964EA11896}.Release|Any CPU.ActiveCfg = Release|Any CPU
		{13258C33-7926-4B96-B83C-7D964EA11896}.Release|Any CPU.Build.0 = Release|Any CPU
		{76ABA660-CF26-49F6-B369-36F2D8649428}.Debug|Any CPU.ActiveCfg = Debug|Any CPU
		{76ABA660-CF26-49F6-B369-36F2D8649428}.Debug|Any CPU.Build.0 = Debug|Any CPU
		{76ABA660-CF26-49F6-B369-36F2D8649428}.Release|Any CPU.ActiveCfg = Release|Any CPU
		{76ABA660-CF26-49F6-B369-36F2D8649428}.Release|Any CPU.Build.0 = Release|Any CPU
	EndGlobalSection
	GlobalSection(SolutionProperties) = preSolution
		HideSolutionNode = FALSE
	EndGlobalSection
	GlobalSection(NestedProjects) = preSolution
		{8AC12AAD-FAF0-483B-B3B3-5B698100F2FF} = {62E690F5-D403-48F0-8545-41C43F7E986F}
		{13258C33-7926-4B96-B83C-7D964EA11896} = {80986250-D520-4A65-B560-E4D342661BF2}
		{76ABA660-CF26-49F6-B369-36F2D8649428} = {E4B28B28-09F8-4666-AB0A-1E17384010B5}
	EndGlobalSection
	GlobalSection(ExtensibilityGlobals) = postSolution
		SolutionGuid = {3B163841-9E61-4704-983B-56977C7DB935}
	EndGlobalSection
EndGlobal
